
Microsoft Visual Studio Solution File, Format Version 12.00
# Visual Studio Version 17
VisualStudioVersion = 17.9.34902.65
MinimumVisualStudioVersion = 10.0.40219.1
Project("{FAE04EC0-301F-11D3-BF4B-00C04F79EFBC}") = "Entities", "Entities\Entities.csproj", "{321D8441-0041-4490-9234-4C6DA7D5A83A}"
EndProject
Project("{FAE04EC0-301F-11D3-BF4B-00C04F79EFBC}") = "Business", "Business\Business.csproj", "{D6232394-3B89-4CD5-8786-CB2F70099E2E}"
EndProject
Project("{FAE04EC0-301F-11D3-BF4B-00C04F79EFBC}") = "DataAccess", "DataAccess\DataAccess.csproj", "{4AD9C559-D416-49F9-84B6-7B06BF9E9945}"
EndProject
Global
	GlobalSection(SolutionConfigurationPlatforms) = preSolution
		Debug|Any CPU = Debug|Any CPU
		Release|Any CPU = Release|Any CPU
	EndGlobalSection
	GlobalSection(ProjectConfigurationPlatforms) = postSolution
		{321D8441-0041-4490-9234-4C6DA7D5A83A}.Debug|Any CPU.ActiveCfg = Debug|Any CPU
		{321D8441-0041-4490-9234-4C6DA7D5A83A}.Debug|Any CPU.Build.0 = Debug|Any CPU
		{321D8441-0041-4490-9234-4C6DA7D5A83A}.Release|Any CPU.ActiveCfg = Release|Any CPU
		{321D8441-0041-4490-9234-4C6DA7D5A83A}.Release|Any CPU.Build.0 = Release|Any CPU
		{D6232394-3B89-4CD5-8786-CB2F70099E2E}.Debug|Any CPU.ActiveCfg = Debug|Any CPU
		{D6232394-3B89-4CD5-8786-CB2F70099E2E}.Debug|Any CPU.Build.0 = Debug|Any CPU
		{D6232394-3B89-4CD5-8786-CB2F70099E2E}.Release|Any CPU.ActiveCfg = Release|Any CPU
		{D6232394-3B89-4CD5-8786-CB2F70099E2E}.Release|Any CPU.Build.0 = Release|Any CPU
		{4AD9C559-D416-49F9-84B6-7B06BF9E9945}.Debug|Any CPU.ActiveCfg = Debug|Any CPU
		{4AD9C559-D416-49F9-84B6-7B06BF9E9945}.Debug|Any CPU.Build.0 = Debug|Any CPU
		{4AD9C559-D416-49F9-84B6-7B06BF9E9945}.Release|Any CPU.ActiveCfg = Release|Any CPU
		{4AD9C559-D416-49F9-84B6-7B06BF9E9945}.Release|Any CPU.Build.0 = Release|Any CPU
	EndGlobalSection
	GlobalSection(SolutionProperties) = preSolution
		HideSolutionNode = FALSE
	EndGlobalSection
	GlobalSection(ExtensibilityGlobals) = postSolution
		SolutionGuid = {591AC695-308A-4174-936D-53662E6B865A}
	EndGlobalSection
EndGlobal
